// !$*UTF8*$!
{
	archiveVersion = 1;
	classes = {
	};
	objectVersion = 48;
	objects = {

/* Begin PBXBuildFile section */
		3DCC974A201697C700146697 /* AppDelegate.m in Sources */ = {isa = PBXBuildFile; fileRef = 3DCC9749201697C700146697 /* AppDelegate.m */; };
		3DCC974D201697C700146697 /* FirstViewController.m in Sources */ = {isa = PBXBuildFile; fileRef = 3DCC974C201697C700146697 /* FirstViewController.m */; };
		3DCC9750201697C700146697 /* SecondViewController.m in Sources */ = {isa = PBXBuildFile; fileRef = 3DCC974F201697C700146697 /* SecondViewController.m */; };
		3DCC9753201697C700146697 /* Main.storyboard in Resources */ = {isa = PBXBuildFile; fileRef = 3DCC9751201697C700146697 /* Main.storyboard */; };
		3DCC9755201697C700146697 /* Assets.xcassets in Resources */ = {isa = PBXBuildFile; fileRef = 3DCC9754201697C700146697 /* Assets.xcassets */; };
		3DCC9758201697C700146697 /* LaunchScreen.storyboard in Resources */ = {isa = PBXBuildFile; fileRef = 3DCC9756201697C700146697 /* LaunchScreen.storyboard */; };
		3DCC975B201697C700146697 /* main.m in Sources */ = {isa = PBXBuildFile; fileRef = 3DCC975A201697C700146697 /* main.m */; };
		3DCC9765201697C700146697 /* cryptopriceTests.m in Sources */ = {isa = PBXBuildFile; fileRef = 3DCC9764201697C700146697 /* cryptopriceTests.m */; };
		3DCC9770201697C700146697 /* cryptopriceUITests.m in Sources */ = {isa = PBXBuildFile; fileRef = 3DCC976F201697C700146697 /* cryptopriceUITests.m */; };
/* End PBXBuildFile section */

/* Begin PBXContainerItemProxy section */
		3DCC9761201697C700146697 /* PBXContainerItemProxy */ = {
			isa = PBXContainerItemProxy;
			containerPortal = 3DCC973D201697C700146697 /* Project object */;
			proxyType = 1;
			remoteGlobalIDString = 3DCC9744201697C700146697;
			remoteInfo = cryptoprice;
		};
		3DCC976C201697C700146697 /* PBXContainerItemProxy */ = {
			isa = PBXContainerItemProxy;
			containerPortal = 3DCC973D201697C700146697 /* Project object */;
			proxyType = 1;
			remoteGlobalIDString = 3DCC9744201697C700146697;
			remoteInfo = cryptoprice;
		};
/* End PBXContainerItemProxy section */

/* Begin PBXFileReference section */
		3DCC9745201697C700146697 /* cryptoprice.app */ = {isa = PBXFileReference; explicitFileType = wrapper.application; includeInIndex = 0; path = cryptoprice.app; sourceTree = BUILT_PRODUCTS_DIR; };
		3DCC9748201697C700146697 /* AppDelegate.h */ = {isa = PBXFileReference; lastKnownFileType = sourcecode.c.h; path = AppDelegate.h; sourceTree = "<group>"; };
		3DCC9749201697C700146697 /* AppDelegate.m */ = {isa = PBXFileReference; lastKnownFileType = sourcecode.c.objc; path = AppDelegate.m; sourceTree = "<group>"; };
		3DCC974B201697C700146697 /* FirstViewController.h */ = {isa = PBXFileReference; lastKnownFileType = sourcecode.c.h; path = FirstViewController.h; sourceTree = "<group>"; };
		3DCC974C201697C700146697 /* FirstViewController.m */ = {isa = PBXFileReference; lastKnownFileType = sourcecode.c.objc; path = FirstViewController.m; sourceTree = "<group>"; };
		3DCC974E201697C700146697 /* SecondViewController.h */ = {isa = PBXFileReference; lastKnownFileType = sourcecode.c.h; path = SecondViewController.h; sourceTree = "<group>"; };
		3DCC974F201697C700146697 /* SecondViewController.m */ = {isa = PBXFileReference; lastKnownFileType = sourcecode.c.objc; path = SecondViewController.m; sourceTree = "<group>"; };
		3DCC9752201697C700146697 /* Base */ = {isa = PBXFileReference; lastKnownFileType = file.storyboard; name = Base; path = Base.lproj/Main.storyboard; sourceTree = "<group>"; };
		3DCC9754201697C700146697 /* Assets.xcassets */ = {isa = PBXFileReference; lastKnownFileType = folder.assetcatalog; path = Assets.xcassets; sourceTree = "<group>"; };
		3DCC9757201697C700146697 /* Base */ = {isa = PBXFileReference; lastKnownFileType = file.storyboard; name = Base; path = Base.lproj/LaunchScreen.storyboard; sourceTree = "<group>"; };
		3DCC9759201697C700146697 /* Info.plist */ = {isa = PBXFileReference; lastKnownFileType = text.plist.xml; path = Info.plist; sourceTree = "<group>"; };
		3DCC975A201697C700146697 /* main.m */ = {isa = PBXFileReference; lastKnownFileType = sourcecode.c.objc; path = main.m; sourceTree = "<group>"; };
		3DCC9760201697C700146697 /* cryptopriceTests.xctest */ = {isa = PBXFileReference; explicitFileType = wrapper.cfbundle; includeInIndex = 0; path = cryptopriceTests.xctest; sourceTree = BUILT_PRODUCTS_DIR; };
		3DCC9764201697C700146697 /* cryptopriceTests.m */ = {isa = PBXFileReference; lastKnownFileType = sourcecode.c.objc; path = cryptopriceTests.m; sourceTree = "<group>"; };
		3DCC9766201697C700146697 /* Info.plist */ = {isa = PBXFileReference; lastKnownFileType = text.plist.xml; path = Info.plist; sourceTree = "<group>"; };
		3DCC976B201697C700146697 /* cryptopriceUITests.xctest */ = {isa = PBXFileReference; explicitFileType = wrapper.cfbundle; includeInIndex = 0; path = cryptopriceUITests.xctest; sourceTree = BUILT_PRODUCTS_DIR; };
		3DCC976F201697C700146697 /* cryptopriceUITests.m */ = {isa = PBXFileReference; lastKnownFileType = sourcecode.c.objc; path = cryptopriceUITests.m; sourceTree = "<group>"; };
		3DCC9771201697C700146697 /* Info.plist */ = {isa = PBXFileReference; lastKnownFileType = text.plist.xml; path = Info.plist; sourceTree = "<group>"; };
/* End PBXFileReference section */

/* Begin PBXFrameworksBuildPhase section */
		3DCC9742201697C700146697 /* Frameworks */ = {
			isa = PBXFrameworksBuildPhase;
			buildActionMask = 2147483647;
			files = (
			);
			runOnlyForDeploymentPostprocessing = 0;
		};
		3DCC975D201697C700146697 /* Frameworks */ = {
			isa = PBXFrameworksBuildPhase;
			buildActionMask = 2147483647;
			files = (
			);
			runOnlyForDeploymentPostprocessing = 0;
		};
		3DCC9768201697C700146697 /* Frameworks */ = {
			isa = PBXFrameworksBuildPhase;
			buildActionMask = 2147483647;
			files = (
			);
			runOnlyForDeploymentPostprocessing = 0;
		};
/* End PBXFrameworksBuildPhase section */

/* Begin PBXGroup section */
		3DCC973C201697C700146697 = {
			isa = PBXGroup;
			children = (
				3DCC9747201697C700146697 /* cryptoprice */,
				3DCC9763201697C700146697 /* cryptopriceTests */,
				3DCC976E201697C700146697 /* cryptopriceUITests */,
				3DCC9746201697C700146697 /* Products */,
			);
			sourceTree = "<group>";
		};
		3DCC9746201697C700146697 /* Products */ = {
			isa = PBXGroup;
			children = (
				3DCC9745201697C700146697 /* cryptoprice.app */,
				3DCC9760201697C700146697 /* cryptopriceTests.xctest */,
				3DCC976B201697C700146697 /* cryptopriceUITests.xctest */,
			);
			name = Products;
			sourceTree = "<group>";
		};
		3DCC9747201697C700146697 /* cryptoprice */ = {
			isa = PBXGroup;
			children = (
				3DCC9748201697C700146697 /* AppDelegate.h */,
				3DCC9749201697C700146697 /* AppDelegate.m */,
				3DCC974B201697C700146697 /* FirstViewController.h */,
				3DCC974C201697C700146697 /* FirstViewController.m */,
				3DCC974E201697C700146697 /* SecondViewController.h */,
				3DCC974F201697C700146697 /* SecondViewController.m */,
				3DCC9751201697C700146697 /* Main.storyboard */,
				3DCC9754201697C700146697 /* Assets.xcassets */,
				3DCC9756201697C700146697 /* LaunchScreen.storyboard */,
				3DCC9759201697C700146697 /* Info.plist */,
				3DCC975A201697C700146697 /* main.m */,
			);
			path = cryptoprice;
			sourceTree = "<group>";
		};
		3DCC9763201697C700146697 /* cryptopriceTests */ = {
			isa = PBXGroup;
			children = (
				3DCC9764201697C700146697 /* cryptopriceTests.m */,
				3DCC9766201697C700146697 /* Info.plist */,
			);
			path = cryptopriceTests;
			sourceTree = "<group>";
		};
		3DCC976E201697C700146697 /* cryptopriceUITests */ = {
			isa = PBXGroup;
			children = (
				3DCC976F201697C700146697 /* cryptopriceUITests.m */,
				3DCC9771201697C700146697 /* Info.plist */,
			);
			path = cryptopriceUITests;
			sourceTree = "<group>";
		};
/* End PBXGroup section */

/* Begin PBXNativeTarget section */
		3DCC9744201697C700146697 /* cryptoprice */ = {
			isa = PBXNativeTarget;
			buildConfigurationList = 3DCC9774201697C700146697 /* Build configuration list for PBXNativeTarget "cryptoprice" */;
			buildPhases = (
				3DCC9741201697C700146697 /* Sources */,
				3DCC9742201697C700146697 /* Frameworks */,
				3DCC9743201697C700146697 /* Resources */,
			);
			buildRules = (
			);
			dependencies = (
			);
			name = cryptoprice;
			productName = cryptoprice;
			productReference = 3DCC9745201697C700146697 /* cryptoprice.app */;
			productType = "com.apple.product-type.application";
		};
		3DCC975F201697C700146697 /* cryptopriceTests */ = {
			isa = PBXNativeTarget;
			buildConfigurationList = 3DCC9777201697C700146697 /* Build configuration list for PBXNativeTarget "cryptopriceTests" */;
			buildPhases = (
				3DCC975C201697C700146697 /* Sources */,
				3DCC975D201697C700146697 /* Frameworks */,
				3DCC975E201697C700146697 /* Resources */,
			);
			buildRules = (
			);
			dependencies = (
				3DCC9762201697C700146697 /* PBXTargetDependency */,
			);
			name = cryptopriceTests;
			productName = cryptopriceTests;
			productReference = 3DCC9760201697C700146697 /* cryptopriceTests.xctest */;
			productType = "com.apple.product-type.bundle.unit-test";
		};
		3DCC976A201697C700146697 /* cryptopriceUITests */ = {
			isa = PBXNativeTarget;
			buildConfigurationList = 3DCC977A201697C700146697 /* Build configuration list for PBXNativeTarget "cryptopriceUITests" */;
			buildPhases = (
				3DCC9767201697C700146697 /* Sources */,
				3DCC9768201697C700146697 /* Frameworks */,
				3DCC9769201697C700146697 /* Resources */,
			);
			buildRules = (
			);
			dependencies = (
				3DCC976D201697C700146697 /* PBXTargetDependency */,
			);
			name = cryptopriceUITests;
			productName = cryptopriceUITests;
			productReference = 3DCC976B201697C700146697 /* cryptopriceUITests.xctest */;
			productType = "com.apple.product-type.bundle.ui-testing";
		};
/* End PBXNativeTarget section */

/* Begin PBXProject section */
		3DCC973D201697C700146697 /* Project object */ = {
			isa = PBXProject;
			attributes = {
				LastUpgradeCheck = 0920;
				ORGANIZATIONNAME = cpw;
				TargetAttributes = {
					3DCC9744201697C700146697 = {
						CreatedOnToolsVersion = 9.2;
						ProvisioningStyle = Automatic;
					};
					3DCC975F201697C700146697 = {
						CreatedOnToolsVersion = 9.2;
						ProvisioningStyle = Automatic;
						TestTargetID = 3DCC9744201697C700146697;
					};
					3DCC976A201697C700146697 = {
						CreatedOnToolsVersion = 9.2;
						ProvisioningStyle = Automatic;
						TestTargetID = 3DCC9744201697C700146697;
					};
				};
			};
			buildConfigurationList = 3DCC9740201697C700146697 /* Build configuration list for PBXProject "cryptoprice" */;
			compatibilityVersion = "Xcode 8.0";
			developmentRegion = en;
			hasScannedForEncodings = 0;
			knownRegions = (
				en,
				Base,
			);
			mainGroup = 3DCC973C201697C700146697;
			productRefGroup = 3DCC9746201697C700146697 /* Products */;
			projectDirPath = "";
			projectRoot = "";
			targets = (
				3DCC9744201697C700146697 /* cryptoprice */,
				3DCC975F201697C700146697 /* cryptopriceTests */,
				3DCC976A201697C700146697 /* cryptopriceUITests */,
			);
		};
/* End PBXProject section */

/* Begin PBXResourcesBuildPhase section */
		3DCC9743201697C700146697 /* Resources */ = {
			isa = PBXResourcesBuildPhase;
			buildActionMask = 2147483647;
			files = (
				3DCC9758201697C700146697 /* LaunchScreen.storyboard in Resources */,
				3DCC9755201697C700146697 /* Assets.xcassets in Resources */,
				3DCC9753201697C700146697 /* Main.storyboard in Resources */,
			);
			runOnlyForDeploymentPostprocessing = 0;
		};
		3DCC975E201697C700146697 /* Resources */ = {
			isa = PBXResourcesBuildPhase;
			buildActionMask = 2147483647;
			files = (
			);
			runOnlyForDeploymentPostprocessing = 0;
		};
		3DCC9769201697C700146697 /* Resources */ = {
			isa = PBXResourcesBuildPhase;
			buildActionMask = 2147483647;
			files = (
			);
			runOnlyForDeploymentPostprocessing = 0;
		};
/* End PBXResourcesBuildPhase section */

/* Begin PBXSourcesBuildPhase section */
		3DCC9741201697C700146697 /* Sources */ = {
			isa = PBXSourcesBuildPhase;
			buildActionMask = 2147483647;
			files = (
				3DCC9750201697C700146697 /* SecondViewController.m in Sources */,
				3DCC974A201697C700146697 /* AppDelegate.m in Sources */,
				3DCC975B201697C700146697 /* main.m in Sources */,
				3DCC974D201697C700146697 /* FirstViewController.m in Sources */,
			);
			runOnlyForDeploymentPostprocessing = 0;
		};
		3DCC975C201697C700146697 /* Sources */ = {
			isa = PBXSourcesBuildPhase;
			buildActionMask = 2147483647;
			files = (
				3DCC9765201697C700146697 /* cryptopriceTests.m in Sources */,
			);
			runOnlyForDeploymentPostprocessing = 0;
		};
		3DCC9767201697C700146697 /* Sources */ = {
			isa = PBXSourcesBuildPhase;
			buildActionMask = 2147483647;
			files = (
				3DCC9770201697C700146697 /* cryptopriceUITests.m in Sources */,
			);
			runOnlyForDeploymentPostprocessing = 0;
		};
/* End PBXSourcesBuildPhase section */

/* Begin PBXTargetDependency section */
		3DCC9762201697C700146697 /* PBXTargetDependency */ = {
			isa = PBXTargetDependency;
			target = 3DCC9744201697C700146697 /* cryptoprice */;
			targetProxy = 3DCC9761201697C700146697 /* PBXContainerItemProxy */;
		};
		3DCC976D201697C700146697 /* PBXTargetDependency */ = {
			isa = PBXTargetDependency;
			target = 3DCC9744201697C700146697 /* cryptoprice */;
			targetProxy = 3DCC976C201697C700146697 /* PBXContainerItemProxy */;
		};
/* End PBXTargetDependency section */

/* Begin PBXVariantGroup section */
		3DCC9751201697C700146697 /* Main.storyboard */ = {
			isa = PBXVariantGroup;
			children = (
				3DCC9752201697C700146697 /* Base */,
			);
			name = Main.storyboard;
			sourceTree = "<group>";
		};
		3DCC9756201697C700146697 /* LaunchScreen.storyboard */ = {
			isa = PBXVariantGroup;
			children = (
				3DCC9757201697C700146697 /* Base */,
			);
			name = LaunchScreen.storyboard;
			sourceTree = "<group>";
		};
/* End PBXVariantGroup section */

/* Begin XCBuildConfiguration section */
		3DCC9772201697C700146697 /* Debug */ = {
			isa = XCBuildConfiguration;
			buildSettings = {
				ALWAYS_SEARCH_USER_PATHS = NO;
				CLANG_ANALYZER_NONNULL = YES;
				CLANG_ANALYZER_NUMBER_OBJECT_CONVERSION = YES_AGGRESSIVE;
				CLANG_CXX_LANGUAGE_STANDARD = "gnu++14";
				CLANG_CXX_LIBRARY = "libc++";
				CLANG_ENABLE_MODULES = YES;
				CLANG_ENABLE_OBJC_ARC = YES;
				CLANG_WARN_BLOCK_CAPTURE_AUTORELEASING = YES;
				CLANG_WARN_BOOL_CONVERSION = YES;
				CLANG_WARN_COMMA = YES;
				CLANG_WARN_CONSTANT_CONVERSION = YES;
				CLANG_WARN_DIRECT_OBJC_ISA_USAGE = YES_ERROR;
				CLANG_WARN_DOCUMENTATION_COMMENTS = YES;
				CLANG_WARN_EMPTY_BODY = YES;
				CLANG_WARN_ENUM_CONVERSION = YES;
				CLANG_WARN_INFINITE_RECURSION = YES;
				CLANG_WARN_INT_CONVERSION = YES;
				CLANG_WARN_NON_LITERAL_NULL_CONVERSION = YES;
				CLANG_WARN_OBJC_LITERAL_CONVERSION = YES;
				CLANG_WARN_OBJC_ROOT_CLASS = YES_ERROR;
				CLANG_WARN_RANGE_LOOP_ANALYSIS = YES;
				CLANG_WARN_STRICT_PROTOTYPES = YES;
				CLANG_WARN_SUSPICIOUS_MOVE = YES;
				CLANG_WARN_UNGUARDED_AVAILABILITY = YES_AGGRESSIVE;
				CLANG_WARN_UNREACHABLE_CODE = YES;
				CLANG_WARN__DUPLICATE_METHOD_MATCH = YES;
				CODE_SIGN_IDENTITY = "iPhone Developer";
				COPY_PHASE_STRIP = NO;
				DEBUG_INFORMATION_FORMAT = dwarf;
				ENABLE_STRICT_OBJC_MSGSEND = YES;
				ENABLE_TESTABILITY = YES;
				GCC_C_LANGUAGE_STANDARD = gnu11;
				GCC_DYNAMIC_NO_PIC = NO;
				GCC_NO_COMMON_BLOCKS = YES;
				GCC_OPTIMIZATION_LEVEL = 0;
				GCC_PREPROCESSOR_DEFINITIONS = (
					"DEBUG=1",
					"$(inherited)",
				);
				GCC_WARN_64_TO_32_BIT_CONVERSION = YES;
				GCC_WARN_ABOUT_RETURN_TYPE = YES_ERROR;
				GCC_WARN_UNDECLARED_SELECTOR = YES;
				GCC_WARN_UNINITIALIZED_AUTOS = YES_AGGRESSIVE;
				GCC_WARN_UNUSED_FUNCTION = YES;
				GCC_WARN_UNUSED_VARIABLE = YES;
				IPHONEOS_DEPLOYMENT_TARGET = 11.2;
				MTL_ENABLE_DEBUG_INFO = YES;
				ONLY_ACTIVE_ARCH = YES;
				SDKROOT = iphoneos;
			};
			name = Debug;
		};
		3DCC9773201697C700146697 /* Release */ = {
			isa = XCBuildConfiguration;
			buildSettings = {
				ALWAYS_SEARCH_USER_PATHS = NO;
				CLANG_ANALYZER_NONNULL = YES;
				CLANG_ANALYZER_NUMBER_OBJECT_CONVERSION = YES_AGGRESSIVE;
				CLANG_CXX_LANGUAGE_STANDARD = "gnu++14";
				CLANG_CXX_LIBRARY = "libc++";
				CLANG_ENABLE_MODULES = YES;
				CLANG_ENABLE_OBJC_ARC = YES;
				CLANG_WARN_BLOCK_CAPTURE_AUTORELEASING = YES;
				CLANG_WARN_BOOL_CONVERSION = YES;
				CLANG_WARN_COMMA = YES;
				CLANG_WARN_CONSTANT_CONVERSION = YES;
				CLANG_WARN_DIRECT_OBJC_ISA_USAGE = YES_ERROR;
				CLANG_WARN_DOCUMENTATION_COMMENTS = YES;
				CLANG_WARN_EMPTY_BODY = YES;
				CLANG_WARN_ENUM_CONVERSION = YES;
				CLANG_WARN_INFINITE_RECURSION = YES;
				CLANG_WARN_INT_CONVERSION = YES;
				CLANG_WARN_NON_LITERAL_NULL_CONVERSION = YES;
				CLANG_WARN_OBJC_LITERAL_CONVERSION = YES;
				CLANG_WARN_OBJC_ROOT_CLASS = YES_ERROR;
				CLANG_WARN_RANGE_LOOP_ANALYSIS = YES;
				CLANG_WARN_STRICT_PROTOTYPES = YES;
				CLANG_WARN_SUSPICIOUS_MOVE = YES;
				CLANG_WARN_UNGUARDED_AVAILABILITY = YES_AGGRESSIVE;
				CLANG_WARN_UNREACHABLE_CODE = YES;
				CLANG_WARN__DUPLICATE_METHOD_MATCH = YES;
				CODE_SIGN_IDENTITY = "iPhone Developer";
				COPY_PHASE_STRIP = NO;
				DEBUG_INFORMATION_FORMAT = "dwarf-with-dsym";
				ENABLE_NS_ASSERTIONS = NO;
				ENABLE_STRICT_OBJC_MSGSEND = YES;
				GCC_C_LANGUAGE_STANDARD = gnu11;
				GCC_NO_COMMON_BLOCKS = YES;
				GCC_WARN_64_TO_32_BIT_CONVERSION = YES;
				GCC_WARN_ABOUT_RETURN_TYPE = YES_ERROR;
				GCC_WARN_UNDECLARED_SELECTOR = YES;
				GCC_WARN_UNINITIALIZED_AUTOS = YES_AGGRESSIVE;
				GCC_WARN_UNUSED_FUNCTION = YES;
				GCC_WARN_UNUSED_VARIABLE = YES;
				IPHONEOS_DEPLOYMENT_TARGET = 11.2;
				MTL_ENABLE_DEBUG_INFO = NO;
				SDKROOT = iphoneos;
				VALIDATE_PRODUCT = YES;
			};
			name = Release;
		};
		3DCC9775201697C700146697 /* Debug */ = {
			isa = XCBuildConfiguration;
			buildSettings = {
				ASSETCATALOG_COMPILER_APPICON_NAME = AppIcon;
				CODE_SIGN_STYLE = Automatic;
				INFOPLIST_FILE = cryptoprice/Info.plist;
				LD_RUNPATH_SEARCH_PATHS = "$(inherited) @executable_path/Frameworks";
				PRODUCT_BUNDLE_IDENTIFIER = com.cpw.cryptoprice;
				PRODUCT_NAME = "$(TARGET_NAME)";
				TARGETED_DEVICE_FAMILY = "1,2";
			};
			name = Debug;
		};
		3DCC9776201697C700146697 /* Release */ = {
			isa = XCBuildConfiguration;
			buildSettings = {
				ASSETCATALOG_COMPILER_APPICON_NAME = AppIcon;
				CODE_SIGN_STYLE = Automatic;
				INFOPLIST_FILE = cryptoprice/Info.plist;
				LD_RUNPATH_SEARCH_PATHS = "$(inherited) @executable_path/Frameworks";
				PRODUCT_BUNDLE_IDENTIFIER = com.cpw.cryptoprice;
				PRODUCT_NAME = "$(TARGET_NAME)";
				TARGETED_DEVICE_FAMILY = "1,2";
			};
			name = Release;
		};
		3DCC9778201697C700146697 /* Debug */ = {
			isa = XCBuildConfiguration;
			buildSettings = {
				BUNDLE_LOADER = "$(TEST_HOST)";
				CODE_SIGN_STYLE = Automatic;
				INFOPLIST_FILE = cryptopriceTests/Info.plist;
				LD_RUNPATH_SEARCH_PATHS = "$(inherited) @executable_path/Frameworks @loader_path/Frameworks";
				PRODUCT_BUNDLE_IDENTIFIER = com.cpw.cryptopriceTests;
				PRODUCT_NAME = "$(TARGET_NAME)";
				TARGETED_DEVICE_FAMILY = "1,2";
				TEST_HOST = "$(BUILT_PRODUCTS_DIR)/cryptoprice.app/cryptoprice";
			};
			name = Debug;
		};
		3DCC9779201697C700146697 /* Release */ = {
			isa = XCBuildConfiguration;
			buildSettings = {
				BUNDLE_LOADER = "$(TEST_HOST)";
				CODE_SIGN_STYLE = Automatic;
				INFOPLIST_FILE = cryptopriceTests/Info.plist;
				LD_RUNPATH_SEARCH_PATHS = "$(inherited) @executable_path/Frameworks @loader_path/Frameworks";
				PRODUCT_BUNDLE_IDENTIFIER = com.cpw.cryptopriceTests;
				PRODUCT_NAME = "$(TARGET_NAME)";
				TARGETED_DEVICE_FAMILY = "1,2";
				TEST_HOST = "$(BUILT_PRODUCTS_DIR)/cryptoprice.app/cryptoprice";
			};
			name = Release;
		};
		3DCC977B201697C700146697 /* Debug */ = {
			isa = XCBuildConfiguration;
			buildSettings = {
				CODE_SIGN_STYLE = Automatic;
				INFOPLIST_FILE = cryptopriceUITests/Info.plist;
				LD_RUNPATH_SEARCH_PATHS = "$(inherited) @executable_path/Frameworks @loader_path/Frameworks";
				PRODUCT_BUNDLE_IDENTIFIER = com.cpw.cryptopriceUITests;
				PRODUCT_NAME = "$(TARGET_NAME)";
				TARGETED_DEVICE_FAMILY = "1,2";
				TEST_TARGET_NAME = cryptoprice;
			};
			name = Debug;
		};
		3DCC977C201697C700146697 /* Release */ = {
			isa = XCBuildConfiguration;
			buildSettings = {
				CODE_SIGN_STYLE = Automatic;
				INFOPLIST_FILE = cryptopriceUITests/Info.plist;
				LD_RUNPATH_SEARCH_PATHS = "$(inherited) @executable_path/Frameworks @loader_path/Frameworks";
				PRODUCT_BUNDLE_IDENTIFIER = com.cpw.cryptopriceUITests;
				PRODUCT_NAME = "$(TARGET_NAME)";
				TARGETED_DEVICE_FAMILY = "1,2";
				TEST_TARGET_NAME = cryptoprice;
			};
			name = Release;
		};
/* End XCBuildConfiguration section */

/* Begin XCConfigurationList section */
		3DCC9740201697C700146697 /* Build configuration list for PBXProject "cryptoprice" */ = {
			isa = XCConfigurationList;
			buildConfigurations = (
				3DCC9772201697C700146697 /* Debug */,
				3DCC9773201697C700146697 /* Release */,
			);
			defaultConfigurationIsVisible = 0;
			defaultConfigurationName = Release;
		};
		3DCC9774201697C700146697 /* Build configuration list for PBXNativeTarget "cryptoprice" */ = {
			isa = XCConfigurationList;
			buildConfigurations = (
				3DCC9775201697C700146697 /* Debug */,
				3DCC9776201697C700146697 /* Release */,
			);
			defaultConfigurationIsVisible = 0;
			defaultConfigurationName = Release;
		};
		3DCC9777201697C700146697 /* Build configuration list for PBXNativeTarget "cryptopriceTests" */ = {
			isa = XCConfigurationList;
			buildConfigurations = (
				3DCC9778201697C700146697 /* Debug */,
				3DCC9779201697C700146697 /* Release */,
			);
			defaultConfigurationIsVisible = 0;
			defaultConfigurationName = Release;
		};
		3DCC977A201697C700146697 /* Build configuration list for PBXNativeTarget "cryptopriceUITests" */ = {
			isa = XCConfigurationList;
			buildConfigurations = (
				3DCC977B201697C700146697 /* Debug */,
				3DCC977C201697C700146697 /* Release */,
			);
			defaultConfigurationIsVisible = 0;
			defaultConfigurationName = Release;
		};
/* End XCConfigurationList section */
	};
	rootObject = 3DCC973D201697C700146697 /* Project object */;
}
